
Microsoft Visual Studio Solution File, Format Version 12.00
# Visual Studio Version 16
VisualStudioVersion = 16.0.34114.132
MinimumVisualStudioVersion = 10.0.40219.1
Project("{FAE04EC0-301F-11D3-BF4B-00C04F79EFBC}") = "Assignment 2", "Assignment 2\Assignment 2.csproj", "{F2633972-D408-46AC-B050-545CA5B5EAA7}"
EndProject
Global
	GlobalSection(SolutionConfigurationPlatforms) = preSolution
		Debug|Any CPU = Debug|Any CPU
		Release|Any CPU = Release|Any CPU
	EndGlobalSection
	GlobalSection(ProjectConfigurationPlatforms) = postSolution
		{F2633972-D408-46AC-B050-545CA5B5EAA7}.Debug|Any CPU.ActiveCfg = Debug|Any CPU
		{F2633972-D408-46AC-B050-545CA5B5EAA7}.Debug|Any CPU.Build.0 = Debug|Any CPU
		{F2633972-D408-46AC-B050-545CA5B5EAA7}.Release|Any CPU.ActiveCfg = Release|Any CPU
		{F2633972-D408-46AC-B050-545CA5B5EAA7}.Release|Any CPU.Build.0 = Release|Any CPU
	EndGlobalSection
	GlobalSection(SolutionProperties) = preSolution
		HideSolutionNode = FALSE
	EndGlobalSection
	GlobalSection(ExtensibilityGlobals) = postSolution
		SolutionGuid = {2C94A38F-6285-428D-B6DE-FFD347D40407}
	EndGlobalSection
EndGlobal
