
Microsoft Visual Studio Solution File, Format Version 12.00
# Visual Studio Version 16
VisualStudioVersion = 16.0.34114.132
MinimumVisualStudioVersion = 10.0.40219.1
Project("{FAE04EC0-301F-11D3-BF4B-00C04F79EFBC}") = "Assignment 4", "Assignment 4\Assignment 4.csproj", "{F75B8163-7147-4D27-9C37-3E38A7DD20D5}"
EndProject
Global
	GlobalSection(SolutionConfigurationPlatforms) = preSolution
		Debug|Any CPU = Debug|Any CPU
		Release|Any CPU = Release|Any CPU
	EndGlobalSection
	GlobalSection(ProjectConfigurationPlatforms) = postSolution
		{F75B8163-7147-4D27-9C37-3E38A7DD20D5}.Debug|Any CPU.ActiveCfg = Debug|Any CPU
		{F75B8163-7147-4D27-9C37-3E38A7DD20D5}.Debug|Any CPU.Build.0 = Debug|Any CPU
		{F75B8163-7147-4D27-9C37-3E38A7DD20D5}.Release|Any CPU.ActiveCfg = Release|Any CPU
		{F75B8163-7147-4D27-9C37-3E38A7DD20D5}.Release|Any CPU.Build.0 = Release|Any CPU
	EndGlobalSection
	GlobalSection(SolutionProperties) = preSolution
		HideSolutionNode = FALSE
	EndGlobalSection
	GlobalSection(ExtensibilityGlobals) = postSolution
		SolutionGuid = {FF289B48-9B4F-46BA-A003-868C40A26E41}
	EndGlobalSection
EndGlobal
